
Microsoft Visual Studio Solution File, Format Version 12.00
# Visual Studio 14
VisualStudioVersion = 14.0.24720.0
MinimumVisualStudioVersion = 10.0.40219.1
Project("{FAE04EC0-301F-11D3-BF4B-00C04F79EFBC}") = "GameStore.Domain", "GameStore.Domain\GameStore.Domain.csproj", "{45CF8B3B-4EF9-47A6-9DFE-5E8854FFA4EC}"
EndProject
Project("{FAE04EC0-301F-11D3-BF4B-00C04F79EFBC}") = "GameStore.Data", "GameStore.Data\GameStore.Data.csproj", "{7110D321-62AF-4114-B2D9-C616C05FE718}"
EndProject
Project("{FAE04EC0-301F-11D3-BF4B-00C04F79EFBC}") = "GameStore.Utils", "GameStore.Utils\GameStore.Utils.csproj", "{E77FE384-2C3A-42E8-A18E-DEBB4FCEC6AE}"
EndProject
Project("{FAE04EC0-301F-11D3-BF4B-00C04F79EFBC}") = "GameStore.Api", "GameStore.Api\GameStore.Api.csproj", "{D84061FE-C9B1-4B2B-906A-E9828BF37108}"
EndProject
Global
	GlobalSection(SolutionConfigurationPlatforms) = preSolution
		Debug|Any CPU = Debug|Any CPU
		Release|Any CPU = Release|Any CPU
	EndGlobalSection
	GlobalSection(ProjectConfigurationPlatforms) = postSolution
		{45CF8B3B-4EF9-47A6-9DFE-5E8854FFA4EC}.Debug|Any CPU.ActiveCfg = Debug|Any CPU
		{45CF8B3B-4EF9-47A6-9DFE-5E8854FFA4EC}.Debug|Any CPU.Build.0 = Debug|Any CPU
		{45CF8B3B-4EF9-47A6-9DFE-5E8854FFA4EC}.Release|Any CPU.ActiveCfg = Release|Any CPU
		{45CF8B3B-4EF9-47A6-9DFE-5E8854FFA4EC}.Release|Any CPU.Build.0 = Release|Any CPU
		{7110D321-62AF-4114-B2D9-C616C05FE718}.Debug|Any CPU.ActiveCfg = Debug|Any CPU
		{7110D321-62AF-4114-B2D9-C616C05FE718}.Debug|Any CPU.Build.0 = Debug|Any CPU
		{7110D321-62AF-4114-B2D9-C616C05FE718}.Release|Any CPU.ActiveCfg = Release|Any CPU
		{7110D321-62AF-4114-B2D9-C616C05FE718}.Release|Any CPU.Build.0 = Release|Any CPU
		{E77FE384-2C3A-42E8-A18E-DEBB4FCEC6AE}.Debug|Any CPU.ActiveCfg = Debug|Any CPU
		{E77FE384-2C3A-42E8-A18E-DEBB4FCEC6AE}.Debug|Any CPU.Build.0 = Debug|Any CPU
		{E77FE384-2C3A-42E8-A18E-DEBB4FCEC6AE}.Release|Any CPU.ActiveCfg = Release|Any CPU
		{E77FE384-2C3A-42E8-A18E-DEBB4FCEC6AE}.Release|Any CPU.Build.0 = Release|Any CPU
		{D84061FE-C9B1-4B2B-906A-E9828BF37108}.Debug|Any CPU.ActiveCfg = Debug|Any CPU
		{D84061FE-C9B1-4B2B-906A-E9828BF37108}.Debug|Any CPU.Build.0 = Debug|Any CPU
		{D84061FE-C9B1-4B2B-906A-E9828BF37108}.Release|Any CPU.ActiveCfg = Release|Any CPU
		{D84061FE-C9B1-4B2B-906A-E9828BF37108}.Release|Any CPU.Build.0 = Release|Any CPU
	EndGlobalSection
	GlobalSection(SolutionProperties) = preSolution
		HideSolutionNode = FALSE
	EndGlobalSection
EndGlobal
